// !$*UTF8*$!
{
	archiveVersion = 1;
	classes = {
	};
	objectVersion = 51;
	objects = {

/* Begin PBXBuildFile section */
		B9362E5E2691F8EC008A4C55 /* MarketDataResponse.swift in Sources */ = {isa = PBXBuildFile; fileRef = B9362E5D2691F8EC008A4C55 /* MarketDataResponse.swift */; };
		B9D2392C2698BD8E006D2031 /* WatchListTableViewCell.swift in Sources */ = {isa = PBXBuildFile; fileRef = B9D2392B2698BD8E006D2031 /* WatchListTableViewCell.swift */; };
		B9D2392F2698BE7C006D2031 /* StockChartView.swift in Sources */ = {isa = PBXBuildFile; fileRef = B9D2392E2698BE7C006D2031 /* StockChartView.swift */; };
		B9D3AFFB268F667A00AE3976 /* AppDelegate.swift in Sources */ = {isa = PBXBuildFile; fileRef = B9D3AFFA268F667A00AE3976 /* AppDelegate.swift */; };
		B9D3AFFD268F667A00AE3976 /* SceneDelegate.swift in Sources */ = {isa = PBXBuildFile; fileRef = B9D3AFFC268F667A00AE3976 /* SceneDelegate.swift */; };
		B9D3AFFF268F667A00AE3976 /* WatchListViewController.swift in Sources */ = {isa = PBXBuildFile; fileRef = B9D3AFFE268F667A00AE3976 /* WatchListViewController.swift */; };
		B9D3B004268F667B00AE3976 /* Assets.xcassets in Resources */ = {isa = PBXBuildFile; fileRef = B9D3B003268F667B00AE3976 /* Assets.xcassets */; };
		B9D3B007268F667B00AE3976 /* LaunchScreen.storyboard in Resources */ = {isa = PBXBuildFile; fileRef = B9D3B005268F667B00AE3976 /* LaunchScreen.storyboard */; };
		B9D3B019268F694F00AE3976 /* NewsViewController.swift in Sources */ = {isa = PBXBuildFile; fileRef = B9D3B018268F694F00AE3976 /* NewsViewController.swift */; };
		B9D3B01C268F695B00AE3976 /* SearchResultsViewController.swift in Sources */ = {isa = PBXBuildFile; fileRef = B9D3B01B268F695B00AE3976 /* SearchResultsViewController.swift */; };
		B9D3B01F268F696900AE3976 /* StockDetailViewController.swift in Sources */ = {isa = PBXBuildFile; fileRef = B9D3B01E268F696900AE3976 /* StockDetailViewController.swift */; };
		B9D3B024268F6B2D00AE3976 /* APICaller.swift in Sources */ = {isa = PBXBuildFile; fileRef = B9D3B023268F6B2D00AE3976 /* APICaller.swift */; };
		B9D3B027268F6B4500AE3976 /* PersistenceManager.swift in Sources */ = {isa = PBXBuildFile; fileRef = B9D3B026268F6B4500AE3976 /* PersistenceManager.swift */; };
		B9D3B02A268F6B5500AE3976 /* HapticsManager.swift in Sources */ = {isa = PBXBuildFile; fileRef = B9D3B029268F6B5500AE3976 /* HapticsManager.swift */; };
		B9D3B030268F7C1A00AE3976 /* Extension.swift in Sources */ = {isa = PBXBuildFile; fileRef = B9D3B02F268F7C1A00AE3976 /* Extension.swift */; };
		B9D3B034268F7DE100AE3976 /* SearchResultTableViewCell.swift in Sources */ = {isa = PBXBuildFile; fileRef = B9D3B033268F7DE100AE3976 /* SearchResultTableViewCell.swift */; };
		B9D3B038268F89FD00AE3976 /* SearchResponse.swift in Sources */ = {isa = PBXBuildFile; fileRef = B9D3B037268F89FD00AE3976 /* SearchResponse.swift */; };
		B9D3B0432690969F00AE3976 /* NewsHeaderView.swift in Sources */ = {isa = PBXBuildFile; fileRef = B9D3B0422690969F00AE3976 /* NewsHeaderView.swift */; };
		B9D3B04626909DC100AE3976 /* NewStory.swift in Sources */ = {isa = PBXBuildFile; fileRef = B9D3B04526909DC100AE3976 /* NewStory.swift */; };
		B9D3B0492690A20800AE3976 /* NewsTableViewCell.swift in Sources */ = {isa = PBXBuildFile; fileRef = B9D3B0482690A20800AE3976 /* NewsTableViewCell.swift */; };
		C7C53F7CE2D5DE5C6FA653F2 /* Pods_StockAPP.framework in Frameworks */ = {isa = PBXBuildFile; fileRef = 215A3338DC490CFE56CD10DA /* Pods_StockAPP.framework */; };
/* End PBXBuildFile section */

/* Begin PBXFileReference section */
		215A3338DC490CFE56CD10DA /* Pods_StockAPP.framework */ = {isa = PBXFileReference; explicitFileType = wrapper.framework; includeInIndex = 0; path = Pods_StockAPP.framework; sourceTree = BUILT_PRODUCTS_DIR; };
		A786090CF829CA1244D8AC14 /* Pods-StockAPP.release.xcconfig */ = {isa = PBXFileReference; includeInIndex = 1; lastKnownFileType = text.xcconfig; name = "Pods-StockAPP.release.xcconfig"; path = "Target Support Files/Pods-StockAPP/Pods-StockAPP.release.xcconfig"; sourceTree = "<group>"; };
		B9362E5D2691F8EC008A4C55 /* MarketDataResponse.swift */ = {isa = PBXFileReference; lastKnownFileType = sourcecode.swift; path = MarketDataResponse.swift; sourceTree = "<group>"; };
		B9D2392B2698BD8E006D2031 /* WatchListTableViewCell.swift */ = {isa = PBXFileReference; lastKnownFileType = sourcecode.swift; path = WatchListTableViewCell.swift; sourceTree = "<group>"; };
		B9D2392E2698BE7C006D2031 /* StockChartView.swift */ = {isa = PBXFileReference; lastKnownFileType = sourcecode.swift; path = StockChartView.swift; sourceTree = "<group>"; };
		B9D3AFF7268F667A00AE3976 /* StockAPP.app */ = {isa = PBXFileReference; explicitFileType = wrapper.application; includeInIndex = 0; path = StockAPP.app; sourceTree = BUILT_PRODUCTS_DIR; };
		B9D3AFFA268F667A00AE3976 /* AppDelegate.swift */ = {isa = PBXFileReference; lastKnownFileType = sourcecode.swift; path = AppDelegate.swift; sourceTree = "<group>"; };
		B9D3AFFC268F667A00AE3976 /* SceneDelegate.swift */ = {isa = PBXFileReference; lastKnownFileType = sourcecode.swift; path = SceneDelegate.swift; sourceTree = "<group>"; };
		B9D3AFFE268F667A00AE3976 /* WatchListViewController.swift */ = {isa = PBXFileReference; lastKnownFileType = sourcecode.swift; path = WatchListViewController.swift; sourceTree = "<group>"; };
		B9D3B003268F667B00AE3976 /* Assets.xcassets */ = {isa = PBXFileReference; lastKnownFileType = folder.assetcatalog; path = Assets.xcassets; sourceTree = "<group>"; };
		B9D3B006268F667B00AE3976 /* Base */ = {isa = PBXFileReference; lastKnownFileType = file.storyboard; name = Base; path = Base.lproj/LaunchScreen.storyboard; sourceTree = "<group>"; };
		B9D3B008268F667B00AE3976 /* Info.plist */ = {isa = PBXFileReference; lastKnownFileType = text.plist.xml; path = Info.plist; sourceTree = "<group>"; };
		B9D3B018268F694F00AE3976 /* NewsViewController.swift */ = {isa = PBXFileReference; lastKnownFileType = sourcecode.swift; path = NewsViewController.swift; sourceTree = "<group>"; };
		B9D3B01B268F695B00AE3976 /* SearchResultsViewController.swift */ = {isa = PBXFileReference; lastKnownFileType = sourcecode.swift; path = SearchResultsViewController.swift; sourceTree = "<group>"; };
		B9D3B01E268F696900AE3976 /* StockDetailViewController.swift */ = {isa = PBXFileReference; lastKnownFileType = sourcecode.swift; path = StockDetailViewController.swift; sourceTree = "<group>"; };
		B9D3B023268F6B2D00AE3976 /* APICaller.swift */ = {isa = PBXFileReference; lastKnownFileType = sourcecode.swift; path = APICaller.swift; sourceTree = "<group>"; };
		B9D3B026268F6B4500AE3976 /* PersistenceManager.swift */ = {isa = PBXFileReference; lastKnownFileType = sourcecode.swift; path = PersistenceManager.swift; sourceTree = "<group>"; };
		B9D3B029268F6B5500AE3976 /* HapticsManager.swift */ = {isa = PBXFileReference; lastKnownFileType = sourcecode.swift; path = HapticsManager.swift; sourceTree = "<group>"; };
		B9D3B02F268F7C1A00AE3976 /* Extension.swift */ = {isa = PBXFileReference; lastKnownFileType = sourcecode.swift; path = Extension.swift; sourceTree = "<group>"; };
		B9D3B033268F7DE100AE3976 /* SearchResultTableViewCell.swift */ = {isa = PBXFileReference; lastKnownFileType = sourcecode.swift; path = SearchResultTableViewCell.swift; sourceTree = "<group>"; };
		B9D3B037268F89FD00AE3976 /* SearchResponse.swift */ = {isa = PBXFileReference; lastKnownFileType = sourcecode.swift; path = SearchResponse.swift; sourceTree = "<group>"; };
		B9D3B0422690969F00AE3976 /* NewsHeaderView.swift */ = {isa = PBXFileReference; lastKnownFileType = sourcecode.swift; path = NewsHeaderView.swift; sourceTree = "<group>"; };
		B9D3B04526909DC100AE3976 /* NewStory.swift */ = {isa = PBXFileReference; lastKnownFileType = sourcecode.swift; path = NewStory.swift; sourceTree = "<group>"; };
		B9D3B0482690A20800AE3976 /* NewsTableViewCell.swift */ = {isa = PBXFileReference; lastKnownFileType = sourcecode.swift; path = NewsTableViewCell.swift; sourceTree = "<group>"; };
		EC37D39C9FD360008C715BBD /* Pods-StockAPP.debug.xcconfig */ = {isa = PBXFileReference; includeInIndex = 1; lastKnownFileType = text.xcconfig; name = "Pods-StockAPP.debug.xcconfig"; path = "Target Support Files/Pods-StockAPP/Pods-StockAPP.debug.xcconfig"; sourceTree = "<group>"; };
/* End PBXFileReference section */

/* Begin PBXFrameworksBuildPhase section */
		B9D3AFF4268F667A00AE3976 /* Frameworks */ = {
			isa = PBXFrameworksBuildPhase;
			buildActionMask = 2147483647;
			files = (
				C7C53F7CE2D5DE5C6FA653F2 /* Pods_StockAPP.framework in Frameworks */,
			);
			runOnlyForDeploymentPostprocessing = 0;
		};
/* End PBXFrameworksBuildPhase section */

/* Begin PBXGroup section */
		66018DB2E8931D14D3EE228E /* Frameworks */ = {
			isa = PBXGroup;
			children = (
				215A3338DC490CFE56CD10DA /* Pods_StockAPP.framework */,
			);
			name = Frameworks;
			sourceTree = "<group>";
		};
		B81CCCA4331025DB5C11B5A4 /* Pods */ = {
			isa = PBXGroup;
			children = (
				EC37D39C9FD360008C715BBD /* Pods-StockAPP.debug.xcconfig */,
				A786090CF829CA1244D8AC14 /* Pods-StockAPP.release.xcconfig */,
			);
			path = Pods;
			sourceTree = "<group>";
		};
		B9D3AFEE268F667A00AE3976 = {
			isa = PBXGroup;
			children = (
				B9D3AFF9268F667A00AE3976 /* StockAPP */,
				B9D3AFF8268F667A00AE3976 /* Products */,
				B81CCCA4331025DB5C11B5A4 /* Pods */,
				66018DB2E8931D14D3EE228E /* Frameworks */,
			);
			sourceTree = "<group>";
		};
		B9D3AFF8268F667A00AE3976 /* Products */ = {
			isa = PBXGroup;
			children = (
				B9D3AFF7268F667A00AE3976 /* StockAPP.app */,
			);
			name = Products;
			sourceTree = "<group>";
		};
		B9D3AFF9268F667A00AE3976 /* StockAPP */ = {
			isa = PBXGroup;
			children = (
				B9D3B02E268F7C0D00AE3976 /* Extension */,
				B9D3B013268F68CD00AE3976 /* Other */,
				B9D3B012268F68C200AE3976 /* Managers */,
				B9D3B011268F68B000AE3976 /* Controllers */,
				B9D3B010268F68A900AE3976 /* Views */,
				B9D3B00F268F689E00AE3976 /* Models */,
				B9D3B008268F667B00AE3976 /* Info.plist */,
			);
			path = StockAPP;
			sourceTree = "<group>";
		};
		B9D3B00F268F689E00AE3976 /* Models */ = {
			isa = PBXGroup;
			children = (
				B9D3B02C268F6D0B00AE3976 /* Enum */,
				B9D3B037268F89FD00AE3976 /* SearchResponse.swift */,
				B9D3B04526909DC100AE3976 /* NewStory.swift */,
				B9362E5D2691F8EC008A4C55 /* MarketDataResponse.swift */,
			);
			path = Models;
			sourceTree = "<group>";
		};
		B9D3B010268F68A900AE3976 /* Views */ = {
			isa = PBXGroup;
			children = (
				B9D3B032268F7DD100AE3976 /* Cell */,
				B9D3B005268F667B00AE3976 /* LaunchScreen.storyboard */,
				B9D3B0422690969F00AE3976 /* NewsHeaderView.swift */,
				B9D2392E2698BE7C006D2031 /* StockChartView.swift */,
			);
			path = Views;
			sourceTree = "<group>";
		};
		B9D3B011268F68B000AE3976 /* Controllers */ = {
			isa = PBXGroup;
			children = (
				B9D3AFFE268F667A00AE3976 /* WatchListViewController.swift */,
				B9D3B018268F694F00AE3976 /* NewsViewController.swift */,
				B9D3B01B268F695B00AE3976 /* SearchResultsViewController.swift */,
				B9D3B01E268F696900AE3976 /* StockDetailViewController.swift */,
			);
			path = Controllers;
			sourceTree = "<group>";
		};
		B9D3B012268F68C200AE3976 /* Managers */ = {
			isa = PBXGroup;
			children = (
				B9D3B023268F6B2D00AE3976 /* APICaller.swift */,
				B9D3B026268F6B4500AE3976 /* PersistenceManager.swift */,
				B9D3B029268F6B5500AE3976 /* HapticsManager.swift */,
			);
			path = Managers;
			sourceTree = "<group>";
		};
		B9D3B013268F68CD00AE3976 /* Other */ = {
			isa = PBXGroup;
			children = (
				B9D3B003268F667B00AE3976 /* Assets.xcassets */,
				B9D3AFFA268F667A00AE3976 /* AppDelegate.swift */,
				B9D3AFFC268F667A00AE3976 /* SceneDelegate.swift */,
			);
			path = Other;
			sourceTree = "<group>";
		};
		B9D3B02C268F6D0B00AE3976 /* Enum */ = {
			isa = PBXGroup;
			children = (
			);
			path = Enum;
			sourceTree = "<group>";
		};
		B9D3B02E268F7C0D00AE3976 /* Extension */ = {
			isa = PBXGroup;
			children = (
				B9D3B02F268F7C1A00AE3976 /* Extension.swift */,
			);
			path = Extension;
			sourceTree = "<group>";
		};
		B9D3B032268F7DD100AE3976 /* Cell */ = {
			isa = PBXGroup;
			children = (
				B9D3B033268F7DE100AE3976 /* SearchResultTableViewCell.swift */,
				B9D3B0482690A20800AE3976 /* NewsTableViewCell.swift */,
				B9D2392B2698BD8E006D2031 /* WatchListTableViewCell.swift */,
			);
			path = Cell;
			sourceTree = "<group>";
		};
/* End PBXGroup section */

/* Begin PBXNativeTarget section */
		B9D3AFF6268F667A00AE3976 /* StockAPP */ = {
			isa = PBXNativeTarget;
			buildConfigurationList = B9D3B00B268F667B00AE3976 /* Build configuration list for PBXNativeTarget "StockAPP" */;
			buildPhases = (
				0ACC288A90C879C94D6881A9 /* [CP] Check Pods Manifest.lock */,
				B9D3AFF3268F667A00AE3976 /* Sources */,
				B9D3AFF4268F667A00AE3976 /* Frameworks */,
				B9D3AFF5268F667A00AE3976 /* Resources */,
				719C8BA8F8670EF30508E022 /* [CP] Embed Pods Frameworks */,
			);
			buildRules = (
			);
			dependencies = (
			);
			name = StockAPP;
			productName = StockAPP;
			productReference = B9D3AFF7268F667A00AE3976 /* StockAPP.app */;
			productType = "com.apple.product-type.application";
		};
/* End PBXNativeTarget section */

/* Begin PBXProject section */
		B9D3AFEF268F667A00AE3976 /* Project object */ = {
			isa = PBXProject;
			attributes = {
				LastSwiftUpdateCheck = 1240;
				LastUpgradeCheck = 1240;
				TargetAttributes = {
					B9D3AFF6268F667A00AE3976 = {
						CreatedOnToolsVersion = 12.4;
					};
				};
			};
			buildConfigurationList = B9D3AFF2268F667A00AE3976 /* Build configuration list for PBXProject "StockAPP" */;
			compatibilityVersion = "Xcode 9.3";
			developmentRegion = en;
			hasScannedForEncodings = 0;
			knownRegions = (
				en,
				Base,
			);
			mainGroup = B9D3AFEE268F667A00AE3976;
			productRefGroup = B9D3AFF8268F667A00AE3976 /* Products */;
			projectDirPath = "";
			projectRoot = "";
			targets = (
				B9D3AFF6268F667A00AE3976 /* StockAPP */,
			);
		};
/* End PBXProject section */

/* Begin PBXResourcesBuildPhase section */
		B9D3AFF5268F667A00AE3976 /* Resources */ = {
			isa = PBXResourcesBuildPhase;
			buildActionMask = 2147483647;
			files = (
				B9D3B007268F667B00AE3976 /* LaunchScreen.storyboard in Resources */,
				B9D3B004268F667B00AE3976 /* Assets.xcassets in Resources */,
			);
			runOnlyForDeploymentPostprocessing = 0;
		};
/* End PBXResourcesBuildPhase section */

/* Begin PBXShellScriptBuildPhase section */
		0ACC288A90C879C94D6881A9 /* [CP] Check Pods Manifest.lock */ = {
			isa = PBXShellScriptBuildPhase;
			buildActionMask = 2147483647;
			files = (
			);
			inputFileListPaths = (
			);
			inputPaths = (
				"${PODS_PODFILE_DIR_PATH}/Podfile.lock",
				"${PODS_ROOT}/Manifest.lock",
			);
			name = "[CP] Check Pods Manifest.lock";
			outputFileListPaths = (
			);
			outputPaths = (
				"$(DERIVED_FILE_DIR)/Pods-StockAPP-checkManifestLockResult.txt",
			);
			runOnlyForDeploymentPostprocessing = 0;
			shellPath = /bin/sh;
			shellScript = "diff \"${PODS_PODFILE_DIR_PATH}/Podfile.lock\" \"${PODS_ROOT}/Manifest.lock\" > /dev/null\nif [ $? != 0 ] ; then\n    # print error to STDERR\n    echo \"error: The sandbox is not in sync with the Podfile.lock. Run 'pod install' or update your CocoaPods installation.\" >&2\n    exit 1\nfi\n# This output is used by Xcode 'outputs' to avoid re-running this script phase.\necho \"SUCCESS\" > \"${SCRIPT_OUTPUT_FILE_0}\"\n";
			showEnvVarsInLog = 0;
		};
		719C8BA8F8670EF30508E022 /* [CP] Embed Pods Frameworks */ = {
			isa = PBXShellScriptBuildPhase;
			buildActionMask = 2147483647;
			files = (
			);
			inputFileListPaths = (
				"${PODS_ROOT}/Target Support Files/Pods-StockAPP/Pods-StockAPP-frameworks-${CONFIGURATION}-input-files.xcfilelist",
			);
			name = "[CP] Embed Pods Frameworks";
			outputFileListPaths = (
				"${PODS_ROOT}/Target Support Files/Pods-StockAPP/Pods-StockAPP-frameworks-${CONFIGURATION}-output-files.xcfilelist",
			);
			runOnlyForDeploymentPostprocessing = 0;
			shellPath = /bin/sh;
			shellScript = "\"${PODS_ROOT}/Target Support Files/Pods-StockAPP/Pods-StockAPP-frameworks.sh\"\n";
			showEnvVarsInLog = 0;
		};
/* End PBXShellScriptBuildPhase section */

/* Begin PBXSourcesBuildPhase section */
		B9D3AFF3268F667A00AE3976 /* Sources */ = {
			isa = PBXSourcesBuildPhase;
			buildActionMask = 2147483647;
			files = (
				B9362E5E2691F8EC008A4C55 /* MarketDataResponse.swift in Sources */,
				B9D3B02A268F6B5500AE3976 /* HapticsManager.swift in Sources */,
				B9D3B034268F7DE100AE3976 /* SearchResultTableViewCell.swift in Sources */,
				B9D3B0492690A20800AE3976 /* NewsTableViewCell.swift in Sources */,
				B9D3B01F268F696900AE3976 /* StockDetailViewController.swift in Sources */,
				B9D3B019268F694F00AE3976 /* NewsViewController.swift in Sources */,
				B9D3AFFF268F667A00AE3976 /* WatchListViewController.swift in Sources */,
				B9D3B027268F6B4500AE3976 /* PersistenceManager.swift in Sources */,
				B9D3B030268F7C1A00AE3976 /* Extension.swift in Sources */,
				B9D3B024268F6B2D00AE3976 /* APICaller.swift in Sources */,
				B9D2392F2698BE7C006D2031 /* StockChartView.swift in Sources */,
				B9D3B038268F89FD00AE3976 /* SearchResponse.swift in Sources */,
				B9D3B0432690969F00AE3976 /* NewsHeaderView.swift in Sources */,
				B9D3B04626909DC100AE3976 /* NewStory.swift in Sources */,
				B9D3AFFB268F667A00AE3976 /* AppDelegate.swift in Sources */,
				B9D3AFFD268F667A00AE3976 /* SceneDelegate.swift in Sources */,
				B9D2392C2698BD8E006D2031 /* WatchListTableViewCell.swift in Sources */,
				B9D3B01C268F695B00AE3976 /* SearchResultsViewController.swift in Sources */,
			);
			runOnlyForDeploymentPostprocessing = 0;
		};
/* End PBXSourcesBuildPhase section */

/* Begin PBXVariantGroup section */
		B9D3B005268F667B00AE3976 /* LaunchScreen.storyboard */ = {
			isa = PBXVariantGroup;
			children = (
				B9D3B006268F667B00AE3976 /* Base */,
			);
			name = LaunchScreen.storyboard;
			sourceTree = "<group>";
		};
/* End PBXVariantGroup section */

/* Begin XCBuildConfiguration section */
		B9D3B009268F667B00AE3976 /* Debug */ = {
			isa = XCBuildConfiguration;
			buildSettings = {
				ALWAYS_SEARCH_USER_PATHS = NO;
				CLANG_ANALYZER_NONNULL = YES;
				CLANG_ANALYZER_NUMBER_OBJECT_CONVERSION = YES_AGGRESSIVE;
				CLANG_CXX_LANGUAGE_STANDARD = "gnu++14";
				CLANG_CXX_LIBRARY = "libc++";
				CLANG_ENABLE_MODULES = YES;
				CLANG_ENABLE_OBJC_ARC = YES;
				CLANG_ENABLE_OBJC_WEAK = YES;
				CLANG_WARN_BLOCK_CAPTURE_AUTORELEASING = YES;
				CLANG_WARN_BOOL_CONVERSION = YES;
				CLANG_WARN_COMMA = YES;
				CLANG_WARN_CONSTANT_CONVERSION = YES;
				CLANG_WARN_DEPRECATED_OBJC_IMPLEMENTATIONS = YES;
				CLANG_WARN_DIRECT_OBJC_ISA_USAGE = YES_ERROR;
				CLANG_WARN_DOCUMENTATION_COMMENTS = YES;
				CLANG_WARN_EMPTY_BODY = YES;
				CLANG_WARN_ENUM_CONVERSION = YES;
				CLANG_WARN_INFINITE_RECURSION = YES;
				CLANG_WARN_INT_CONVERSION = YES;
				CLANG_WARN_NON_LITERAL_NULL_CONVERSION = YES;
				CLANG_WARN_OBJC_IMPLICIT_RETAIN_SELF = YES;
				CLANG_WARN_OBJC_LITERAL_CONVERSION = YES;
				CLANG_WARN_OBJC_ROOT_CLASS = YES_ERROR;
				CLANG_WARN_QUOTED_INCLUDE_IN_FRAMEWORK_HEADER = YES;
				CLANG_WARN_RANGE_LOOP_ANALYSIS = YES;
				CLANG_WARN_STRICT_PROTOTYPES = YES;
				CLANG_WARN_SUSPICIOUS_MOVE = YES;
				CLANG_WARN_UNGUARDED_AVAILABILITY = YES_AGGRESSIVE;
				CLANG_WARN_UNREACHABLE_CODE = YES;
				CLANG_WARN__DUPLICATE_METHOD_MATCH = YES;
				COPY_PHASE_STRIP = NO;
				DEBUG_INFORMATION_FORMAT = dwarf;
				ENABLE_STRICT_OBJC_MSGSEND = YES;
				ENABLE_TESTABILITY = YES;
				GCC_C_LANGUAGE_STANDARD = gnu11;
				GCC_DYNAMIC_NO_PIC = NO;
				GCC_NO_COMMON_BLOCKS = YES;
				GCC_OPTIMIZATION_LEVEL = 0;
				GCC_PREPROCESSOR_DEFINITIONS = (
					"DEBUG=1",
					"$(inherited)",
				);
				GCC_WARN_64_TO_32_BIT_CONVERSION = YES;
				GCC_WARN_ABOUT_RETURN_TYPE = YES_ERROR;
				GCC_WARN_UNDECLARED_SELECTOR = YES;
				GCC_WARN_UNINITIALIZED_AUTOS = YES_AGGRESSIVE;
				GCC_WARN_UNUSED_FUNCTION = YES;
				GCC_WARN_UNUSED_VARIABLE = YES;
				IPHONEOS_DEPLOYMENT_TARGET = 14.4;
				MTL_ENABLE_DEBUG_INFO = INCLUDE_SOURCE;
				MTL_FAST_MATH = YES;
				ONLY_ACTIVE_ARCH = YES;
				SDKROOT = iphoneos;
				SWIFT_ACTIVE_COMPILATION_CONDITIONS = DEBUG;
				SWIFT_OPTIMIZATION_LEVEL = "-Onone";
			};
			name = Debug;
		};
		B9D3B00A268F667B00AE3976 /* Release */ = {
			isa = XCBuildConfiguration;
			buildSettings = {
				ALWAYS_SEARCH_USER_PATHS = NO;
				CLANG_ANALYZER_NONNULL = YES;
				CLANG_ANALYZER_NUMBER_OBJECT_CONVERSION = YES_AGGRESSIVE;
				CLANG_CXX_LANGUAGE_STANDARD = "gnu++14";
				CLANG_CXX_LIBRARY = "libc++";
				CLANG_ENABLE_MODULES = YES;
				CLANG_ENABLE_OBJC_ARC = YES;
				CLANG_ENABLE_OBJC_WEAK = YES;
				CLANG_WARN_BLOCK_CAPTURE_AUTORELEASING = YES;
				CLANG_WARN_BOOL_CONVERSION = YES;
				CLANG_WARN_COMMA = YES;
				CLANG_WARN_CONSTANT_CONVERSION = YES;
				CLANG_WARN_DEPRECATED_OBJC_IMPLEMENTATIONS = YES;
				CLANG_WARN_DIRECT_OBJC_ISA_USAGE = YES_ERROR;
				CLANG_WARN_DOCUMENTATION_COMMENTS = YES;
				CLANG_WARN_EMPTY_BODY = YES;
				CLANG_WARN_ENUM_CONVERSION = YES;
				CLANG_WARN_INFINITE_RECURSION = YES;
				CLANG_WARN_INT_CONVERSION = YES;
				CLANG_WARN_NON_LITERAL_NULL_CONVERSION = YES;
				CLANG_WARN_OBJC_IMPLICIT_RETAIN_SELF = YES;
				CLANG_WARN_OBJC_LITERAL_CONVERSION = YES;
				CLANG_WARN_OBJC_ROOT_CLASS = YES_ERROR;
				CLANG_WARN_QUOTED_INCLUDE_IN_FRAMEWORK_HEADER = YES;
				CLANG_WARN_RANGE_LOOP_ANALYSIS = YES;
				CLANG_WARN_STRICT_PROTOTYPES = YES;
				CLANG_WARN_SUSPICIOUS_MOVE = YES;
				CLANG_WARN_UNGUARDED_AVAILABILITY = YES_AGGRESSIVE;
				CLANG_WARN_UNREACHABLE_CODE = YES;
				CLANG_WARN__DUPLICATE_METHOD_MATCH = YES;
				COPY_PHASE_STRIP = NO;
				DEBUG_INFORMATION_FORMAT = "dwarf-with-dsym";
				ENABLE_NS_ASSERTIONS = NO;
				ENABLE_STRICT_OBJC_MSGSEND = YES;
				GCC_C_LANGUAGE_STANDARD = gnu11;
				GCC_NO_COMMON_BLOCKS = YES;
				GCC_WARN_64_TO_32_BIT_CONVERSION = YES;
				GCC_WARN_ABOUT_RETURN_TYPE = YES_ERROR;
				GCC_WARN_UNDECLARED_SELECTOR = YES;
				GCC_WARN_UNINITIALIZED_AUTOS = YES_AGGRESSIVE;
				GCC_WARN_UNUSED_FUNCTION = YES;
				GCC_WARN_UNUSED_VARIABLE = YES;
				IPHONEOS_DEPLOYMENT_TARGET = 14.4;
				MTL_ENABLE_DEBUG_INFO = NO;
				MTL_FAST_MATH = YES;
				SDKROOT = iphoneos;
				SWIFT_COMPILATION_MODE = wholemodule;
				SWIFT_OPTIMIZATION_LEVEL = "-O";
				VALIDATE_PRODUCT = YES;
			};
			name = Release;
		};
		B9D3B00C268F667B00AE3976 /* Debug */ = {
			isa = XCBuildConfiguration;
			baseConfigurationReference = EC37D39C9FD360008C715BBD /* Pods-StockAPP.debug.xcconfig */;
			buildSettings = {
				ASSETCATALOG_COMPILER_APPICON_NAME = AppIcon;
				ASSETCATALOG_COMPILER_GLOBAL_ACCENT_COLOR_NAME = AccentColor;
				CODE_SIGN_STYLE = Automatic;
				DEVELOPMENT_TEAM = C3H8B5L9S4;
				INFOPLIST_FILE = StockAPP/Info.plist;
				IPHONEOS_DEPLOYMENT_TARGET = 13.0;
				LD_RUNPATH_SEARCH_PATHS = (
					"$(inherited)",
					"@executable_path/Frameworks",
				);
				PRODUCT_BUNDLE_IDENTIFIER = com.codeWithKenny.StockAPP;
				PRODUCT_NAME = "$(TARGET_NAME)";
				SWIFT_VERSION = 5.0;
				TARGETED_DEVICE_FAMILY = 1;
			};
			name = Debug;
		};
		B9D3B00D268F667B00AE3976 /* Release */ = {
			isa = XCBuildConfiguration;
			baseConfigurationReference = A786090CF829CA1244D8AC14 /* Pods-StockAPP.release.xcconfig */;
			buildSettings = {
				ASSETCATALOG_COMPILER_APPICON_NAME = AppIcon;
				ASSETCATALOG_COMPILER_GLOBAL_ACCENT_COLOR_NAME = AccentColor;
				CODE_SIGN_STYLE = Automatic;
				DEVELOPMENT_TEAM = C3H8B5L9S4;
				INFOPLIST_FILE = StockAPP/Info.plist;
				IPHONEOS_DEPLOYMENT_TARGET = 13.0;
				LD_RUNPATH_SEARCH_PATHS = (
					"$(inherited)",
					"@executable_path/Frameworks",
				);
				PRODUCT_BUNDLE_IDENTIFIER = com.codeWithKenny.StockAPP;
				PRODUCT_NAME = "$(TARGET_NAME)";
				SWIFT_VERSION = 5.0;
				TARGETED_DEVICE_FAMILY = 1;
			};
			name = Release;
		};
/* End XCBuildConfiguration section */

/* Begin XCConfigurationList section */
		B9D3AFF2268F667A00AE3976 /* Build configuration list for PBXProject "StockAPP" */ = {
			isa = XCConfigurationList;
			buildConfigurations = (
				B9D3B009268F667B00AE3976 /* Debug */,
				B9D3B00A268F667B00AE3976 /* Release */,
			);
			defaultConfigurationIsVisible = 0;
			defaultConfigurationName = Release;
		};
		B9D3B00B268F667B00AE3976 /* Build configuration list for PBXNativeTarget "StockAPP" */ = {
			isa = XCConfigurationList;
			buildConfigurations = (
				B9D3B00C268F667B00AE3976 /* Debug */,
				B9D3B00D268F667B00AE3976 /* Release */,
			);
			defaultConfigurationIsVisible = 0;
			defaultConfigurationName = Release;
		};
/* End XCConfigurationList section */
	};
	rootObject = B9D3AFEF268F667A00AE3976 /* Project object */;
}
